{
  "version": 2,
  "dependencies": {
    "net10.0": {
      "Microsoft.Extensions.Logging.Abstractions": {
        "type": "Direct",
        "requested": "[10.0.7, )",
        "resolved": "10.0.7",
        "contentHash": "tIEcQ2gvERrH2KiCjdsVcHGhXt9lIsuDStfOIeZWr7/fP8IXhGiYfx0/80PNI7WPO2IYuFtlZLSlnTS8+/Mchw==",
        "dependencies": {
          "Microsoft.Extensions.DependencyInjection.Abstractions": "10.0.7"
        }
      },
      "Testably.Abstractions": {
        "type": "Direct",
        "requested": "[10.2.0, )",
        "resolved": "10.2.0",
        "contentHash": "D+10h2+8yOyZynYhmf9tvteavTJJ+x4u5O329qTfKswkVqOzIbPx6sT9NfdTTafoMkNEyPRgZdNQxIWC7Sytug==",
        "dependencies": {
          "Testably.Abstractions.Interface": "10.2.0"
        }
      },
      "Testably.Abstractions.Testing": {
        "type": "Direct",
        "requested": "[6.2.0, )",
        "resolved": "6.2.0",
        "contentHash": "g6RfzgclFvo74mgAFxiQMGgvDCgT/rJhv4Llm5sjLn747Apa/X0+it/ZiqnT7pcOJ/O4zC8Qv9aLW58Ry8teaw==",
        "dependencies": {
          "DotNet.Glob": "3.1.3",
          "Testably.Abstractions.Interface": "[10.2.0, 10.3.0)"
        }
      },
      "DotNet.Glob": {
        "type": "Transitive",
        "resolved": "3.1.3",
        "contentHash": "hOfHw7MLJw/tbXaFwR1oiDb+dIXDp8URTxp5Pco42OOhiw77wrUNx6v6syNygHZbWwYdXQocL2Mo1l5FnfDVjg=="
      },
      "Microsoft.Extensions.DependencyInjection.Abstractions": {
        "type": "Transitive",
        "resolved": "10.0.7",
        "contentHash": "Z6mfFEaFcwCfSboxJwOLfu7/31npCY9q70WUamHW/vRQhDvBKOT4Vf9YkZj5J6hLvJpb0oDEYfHunQZj0xxvKw=="
      },
      "Testably.Abstractions.FileSystem.Interface": {
        "type": "Transitive",
        "resolved": "10.2.0",
        "contentHash": "ghs49+4Z93PJ/BGCH55iDZU9937AVlOPjGEfh7HxsyielugBTy2dECbEQ59D3Y5wkZbR0mkn0xjvdK0RnGj5wg=="
      },
      "Testably.Abstractions.Interface": {
        "type": "Transitive",
        "resolved": "10.2.0",
        "contentHash": "dBOjLArgUBFRti+GJtOZfqCFtRP7IY0o79FZIpu9JeRpZcbRNYMzrFZVEujGarj0Lc7TIZGmZBG3gOg1T2SxdA==",
        "dependencies": {
          "Testably.Abstractions.FileSystem.Interface": "10.2.0"
        }
      }
    }
  }
}