{
  "version": 2,
  "dependencies": {
    "net10.0": {
      "Microsoft.Extensions.Logging.Abstractions": {
        "type": "Direct",
        "requested": "[10.0.2, )",
        "resolved": "10.0.2",
        "contentHash": "RZkez/JjpnO+MZ6efKkSynN6ZztLpw3WbxNzjLCPBd97wWj1S9ZYPWi0nmT4kWBRa6atHsdM1ydGkUr8GudyDQ==",
        "dependencies": {
          "Microsoft.Extensions.DependencyInjection.Abstractions": "10.0.2"
        }
      },
      "Testably.Abstractions": {
        "type": "Direct",
        "requested": "[10.0.0, )",
        "resolved": "10.0.0",
        "contentHash": "TITBSFn9H5iRntBB+VGfJ1SRq8T3mq3JiqSV340S9InQc+PahLWGmJk1q52AJOrsUzQwyczGr1F0e3NmS3k3ww==",
        "dependencies": {
          "Testably.Abstractions.Interface": "10.0.0-pre.1"
        }
      },
      "Testably.Abstractions.Testing": {
        "type": "Direct",
        "requested": "[5.0.3, )",
        "resolved": "5.0.3",
        "contentHash": "uv9nLvN6OrduA6WyiQFimdoWUGuxVwytW+zcA+yf0vIrMAv5jPoM2hy0FBN45IdgZVzPbEnv75CviBuFow+OyA==",
        "dependencies": {
          "DotNet.Glob": "3.1.3",
          "Testably.Abstractions.Interface": "10.0.0"
        }
      },
      "DotNet.Glob": {
        "type": "Transitive",
        "resolved": "3.1.3",
        "contentHash": "hOfHw7MLJw/tbXaFwR1oiDb+dIXDp8URTxp5Pco42OOhiw77wrUNx6v6syNygHZbWwYdXQocL2Mo1l5FnfDVjg=="
      },
      "Microsoft.Extensions.DependencyInjection.Abstractions": {
        "type": "Transitive",
        "resolved": "10.0.2",
        "contentHash": "zOIurr59+kUf9vNcsUkCvKWZv+fPosUZXURZesYkJCvl0EzTc9F7maAO4Cd2WEV7ZJJ0AZrFQvuH6Npph9wdBw=="
      },
      "Testably.Abstractions.FileSystem.Interface": {
        "type": "Transitive",
        "resolved": "10.0.0",
        "contentHash": "tZOXFLGjkh8TxgMgKeEcM2HAlz9DwndGl6TFLo6ISHcszFX3FkuPMrtVbmqVjhooWNXrgJ/a9cH9ym5MZL1LAg=="
      },
      "Testably.Abstractions.Interface": {
        "type": "Transitive",
        "resolved": "10.0.0",
        "contentHash": "58YTG5gM48ioN0Qt+9uStgSE6ytLNobq7ltck09BE127e2KDAuGcsM2zBR59S4flaNdcFq11e4sMFIytBCIEEw==",
        "dependencies": {
          "Testably.Abstractions.FileSystem.Interface": "10.0.0"
        }
      }
    }
  }
}