
Microsoft Visual Studio Solution File, Format Version 12.00
# Visual Studio Version 17
VisualStudioVersion = 17.0.32112.339
MinimumVisualStudioVersion = 10.0.40219.1
Project("{2150E333-8FDC-42A3-9474-1A3956D46DE8}") = "src", "src", "{6BF42186-581D-4E3B-A769-97E8928DC71B}"
EndProject
Project("{2150E333-8FDC-42A3-9474-1A3956D46DE8}") = "tests", "tests", "{A382F8C5-B26C-4D98-A49D-74CB33064B72}"
EndProject
Project("{9A19103F-16F7-4668-BE54-9A1E7A4F7556}") = "EngineHost", "src\EngineHost\EngineHost.csproj", "{CC247A6B-14D1-4E11-903E-69D4374862B4}"
EndProject
Project("{9A19103F-16F7-4668-BE54-9A1E7A4F7556}") = "EngineHost.Tests", "tests\EngineHost.Tests\EngineHost.Tests.csproj", "{2748C1E2-CDAA-4B45-BEB5-549848AD1FBE}"
EndProject
Project("{2150E333-8FDC-42A3-9474-1A3956D46DE8}") = "Solution Items", "Solution Items", "{37E913D6-6A83-477A-A77E-014D07E7F697}"
	ProjectSection(SolutionItems) = preProject
		.editorconfig = .editorconfig
		.gitlab-ci.yml = .gitlab-ci.yml
		CHANGELOG.md = CHANGELOG.md
		Directory.Build.props = Directory.Build.props
		Directory.Packages.props = Directory.Packages.props
		NuGet.Config = NuGet.Config
		README.md = README.md
		tests.runsettings = tests.runsettings
		THIRD-PARTY-NOTICES.md = THIRD-PARTY-NOTICES.md
	EndProjectSection
EndProject
Project("{9A19103F-16F7-4668-BE54-9A1E7A4F7556}") = "Common.Tests", "tests\Common.Tests\Common.Tests.csproj", "{D5E7A3DC-E476-4D70-80A6-EE752EAF2ED6}"
EndProject
Project("{2150E333-8FDC-42A3-9474-1A3956D46DE8}") = "samples", "samples", "{BC8BD6C5-DA65-49AA-86D1-E3C8116070A5}"
EndProject
Project("{9A19103F-16F7-4668-BE54-9A1E7A4F7556}") = "CLI", "samples\CLI\CLI.csproj", "{C36167EA-FF0B-4F31-A6B3-3347AB21F514}"
EndProject
Project("{9A19103F-16F7-4668-BE54-9A1E7A4F7556}") = "CommunicationContracts", "src\CommunicationContracts\CommunicationContracts.csproj", "{EEC9ED35-4B60-4343-8DA7-C1AF36A891A6}"
EndProject
Project("{9A19103F-16F7-4668-BE54-9A1E7A4F7556}") = "CommunicationProviders", "src\CommunicationProviders\CommunicationProviders.csproj", "{B8E41DF1-567C-4DEE-9843-20E600F0DDF5}"
EndProject
Project("{9A19103F-16F7-4668-BE54-9A1E7A4F7556}") = "CommunicationProviders.Tests", "tests\CommunicationProviders.Tests\CommunicationProviders.Tests.csproj", "{E96E83D7-3CE7-4C3E-811E-07C22F59D22C}"
EndProject
Project("{9A19103F-16F7-4668-BE54-9A1E7A4F7556}") = "PackageResolvers", "src\PackageResolvers\PackageResolvers.csproj", "{3EA83793-5F6C-4B4A-BE82-BCE78C5BE8C3}"
EndProject
Project("{9A19103F-16F7-4668-BE54-9A1E7A4F7556}") = "PackageResolvers.Tests", "tests\PackageResolvers.Tests\PackageResolvers.Tests.csproj", "{8B97468F-C934-43B5-BA52-4F35859AF087}"
EndProject
Project("{9A19103F-16F7-4668-BE54-9A1E7A4F7556}") = "Benchmarks", "samples\Benchmarks\Benchmarks.csproj", "{34E83356-2604-44EC-A3F8-2BB5D83C2843}"
EndProject
Project("{9A19103F-16F7-4668-BE54-9A1E7A4F7556}") = "CycleTimeAnalyzer", "samples\CycleTimeAnalyzer\CycleTimeAnalyzer.csproj", "{98CB27BE-43E9-4264-BAB0-999CA071CC6E}"
EndProject
Project("{9A19103F-16F7-4668-BE54-9A1E7A4F7556}") = "EngineAssemblyLoadingTest", "samples\EngineAssemblyLoadingTest\EngineAssemblyLoadingTest.csproj", "{1430F5D3-7AF8-43F6-B30B-47ADEFB19826}"
EndProject
Project("{9A19103F-16F7-4668-BE54-9A1E7A4F7556}") = "PackageResolvers.NuGet", "src\PackageResolvers.NuGet\PackageResolvers.NuGet.csproj", "{61F38A0B-2940-4B0B-A329-4A911D8B0152}"
EndProject
Project("{9A19103F-16F7-4668-BE54-9A1E7A4F7556}") = "PackageResolvers.NuGet.Tests", "tests\PackageResolvers.NuGet.Tests\PackageResolvers.NuGet.Tests.csproj", "{8FD23285-57AA-41B9-9C67-E80E4DD81AE8}"
EndProject
Project("{FAE04EC0-301F-11D3-BF4B-00C04F79EFBC}") = "EngineHost.AppHost", "samples\EngineHost.AppHost\EngineHost.AppHost.csproj", "{7FB5D311-1A3C-4870-9DB9-8FB9C233D528}"
EndProject
Project("{FAE04EC0-301F-11D3-BF4B-00C04F79EFBC}") = "Aspire.Hosting.Mosquitto", "samples\Aspire.Hosting.Mosquitto\Aspire.Hosting.Mosquitto.csproj", "{8650BF6F-A14E-4D28-A234-B83645247983}"
EndProject
Global
	GlobalSection(SolutionConfigurationPlatforms) = preSolution
		Debug|Any CPU = Debug|Any CPU
		Debug|x64 = Debug|x64
		Debug|x86 = Debug|x86
		Release|Any CPU = Release|Any CPU
		Release|x64 = Release|x64
		Release|x86 = Release|x86
	EndGlobalSection
	GlobalSection(ProjectConfigurationPlatforms) = postSolution
		{CC247A6B-14D1-4E11-903E-69D4374862B4}.Debug|Any CPU.ActiveCfg = Debug|Any CPU
		{CC247A6B-14D1-4E11-903E-69D4374862B4}.Debug|Any CPU.Build.0 = Debug|Any CPU
		{CC247A6B-14D1-4E11-903E-69D4374862B4}.Debug|x64.ActiveCfg = Debug|Any CPU
		{CC247A6B-14D1-4E11-903E-69D4374862B4}.Debug|x64.Build.0 = Debug|Any CPU
		{CC247A6B-14D1-4E11-903E-69D4374862B4}.Debug|x86.ActiveCfg = Debug|Any CPU
		{CC247A6B-14D1-4E11-903E-69D4374862B4}.Debug|x86.Build.0 = Debug|Any CPU
		{CC247A6B-14D1-4E11-903E-69D4374862B4}.Release|Any CPU.ActiveCfg = Release|Any CPU
		{CC247A6B-14D1-4E11-903E-69D4374862B4}.Release|Any CPU.Build.0 = Release|Any CPU
		{CC247A6B-14D1-4E11-903E-69D4374862B4}.Release|x64.ActiveCfg = Release|Any CPU
		{CC247A6B-14D1-4E11-903E-69D4374862B4}.Release|x64.Build.0 = Release|Any CPU
		{CC247A6B-14D1-4E11-903E-69D4374862B4}.Release|x86.ActiveCfg = Release|Any CPU
		{CC247A6B-14D1-4E11-903E-69D4374862B4}.Release|x86.Build.0 = Release|Any CPU
		{2748C1E2-CDAA-4B45-BEB5-549848AD1FBE}.Debug|Any CPU.ActiveCfg = Debug|Any CPU
		{2748C1E2-CDAA-4B45-BEB5-549848AD1FBE}.Debug|Any CPU.Build.0 = Debug|Any CPU
		{2748C1E2-CDAA-4B45-BEB5-549848AD1FBE}.Debug|x64.ActiveCfg = Debug|Any CPU
		{2748C1E2-CDAA-4B45-BEB5-549848AD1FBE}.Debug|x64.Build.0 = Debug|Any CPU
		{2748C1E2-CDAA-4B45-BEB5-549848AD1FBE}.Debug|x86.ActiveCfg = Debug|Any CPU
		{2748C1E2-CDAA-4B45-BEB5-549848AD1FBE}.Debug|x86.Build.0 = Debug|Any CPU
		{2748C1E2-CDAA-4B45-BEB5-549848AD1FBE}.Release|Any CPU.ActiveCfg = Release|Any CPU
		{2748C1E2-CDAA-4B45-BEB5-549848AD1FBE}.Release|Any CPU.Build.0 = Release|Any CPU
		{2748C1E2-CDAA-4B45-BEB5-549848AD1FBE}.Release|x64.ActiveCfg = Release|Any CPU
		{2748C1E2-CDAA-4B45-BEB5-549848AD1FBE}.Release|x64.Build.0 = Release|Any CPU
		{2748C1E2-CDAA-4B45-BEB5-549848AD1FBE}.Release|x86.ActiveCfg = Release|Any CPU
		{2748C1E2-CDAA-4B45-BEB5-549848AD1FBE}.Release|x86.Build.0 = Release|Any CPU
		{D5E7A3DC-E476-4D70-80A6-EE752EAF2ED6}.Debug|Any CPU.ActiveCfg = Debug|Any CPU
		{D5E7A3DC-E476-4D70-80A6-EE752EAF2ED6}.Debug|Any CPU.Build.0 = Debug|Any CPU
		{D5E7A3DC-E476-4D70-80A6-EE752EAF2ED6}.Debug|x64.ActiveCfg = Debug|Any CPU
		{D5E7A3DC-E476-4D70-80A6-EE752EAF2ED6}.Debug|x64.Build.0 = Debug|Any CPU
		{D5E7A3DC-E476-4D70-80A6-EE752EAF2ED6}.Debug|x86.ActiveCfg = Debug|Any CPU
		{D5E7A3DC-E476-4D70-80A6-EE752EAF2ED6}.Debug|x86.Build.0 = Debug|Any CPU
		{D5E7A3DC-E476-4D70-80A6-EE752EAF2ED6}.Release|Any CPU.ActiveCfg = Release|Any CPU
		{D5E7A3DC-E476-4D70-80A6-EE752EAF2ED6}.Release|Any CPU.Build.0 = Release|Any CPU
		{D5E7A3DC-E476-4D70-80A6-EE752EAF2ED6}.Release|x64.ActiveCfg = Release|Any CPU
		{D5E7A3DC-E476-4D70-80A6-EE752EAF2ED6}.Release|x64.Build.0 = Release|Any CPU
		{D5E7A3DC-E476-4D70-80A6-EE752EAF2ED6}.Release|x86.ActiveCfg = Release|Any CPU
		{D5E7A3DC-E476-4D70-80A6-EE752EAF2ED6}.Release|x86.Build.0 = Release|Any CPU
		{C36167EA-FF0B-4F31-A6B3-3347AB21F514}.Debug|Any CPU.ActiveCfg = Debug|Any CPU
		{C36167EA-FF0B-4F31-A6B3-3347AB21F514}.Debug|Any CPU.Build.0 = Debug|Any CPU
		{C36167EA-FF0B-4F31-A6B3-3347AB21F514}.Debug|x64.ActiveCfg = Debug|Any CPU
		{C36167EA-FF0B-4F31-A6B3-3347AB21F514}.Debug|x64.Build.0 = Debug|Any CPU
		{C36167EA-FF0B-4F31-A6B3-3347AB21F514}.Debug|x86.ActiveCfg = Debug|Any CPU
		{C36167EA-FF0B-4F31-A6B3-3347AB21F514}.Debug|x86.Build.0 = Debug|Any CPU
		{C36167EA-FF0B-4F31-A6B3-3347AB21F514}.Release|Any CPU.ActiveCfg = Release|Any CPU
		{C36167EA-FF0B-4F31-A6B3-3347AB21F514}.Release|Any CPU.Build.0 = Release|Any CPU
		{C36167EA-FF0B-4F31-A6B3-3347AB21F514}.Release|x64.ActiveCfg = Release|Any CPU
		{C36167EA-FF0B-4F31-A6B3-3347AB21F514}.Release|x64.Build.0 = Release|Any CPU
		{C36167EA-FF0B-4F31-A6B3-3347AB21F514}.Release|x86.ActiveCfg = Release|Any CPU
		{C36167EA-FF0B-4F31-A6B3-3347AB21F514}.Release|x86.Build.0 = Release|Any CPU
		{EEC9ED35-4B60-4343-8DA7-C1AF36A891A6}.Debug|Any CPU.ActiveCfg = Debug|Any CPU
		{EEC9ED35-4B60-4343-8DA7-C1AF36A891A6}.Debug|Any CPU.Build.0 = Debug|Any CPU
		{EEC9ED35-4B60-4343-8DA7-C1AF36A891A6}.Debug|x64.ActiveCfg = Debug|Any CPU
		{EEC9ED35-4B60-4343-8DA7-C1AF36A891A6}.Debug|x64.Build.0 = Debug|Any CPU
		{EEC9ED35-4B60-4343-8DA7-C1AF36A891A6}.Debug|x86.ActiveCfg = Debug|Any CPU
		{EEC9ED35-4B60-4343-8DA7-C1AF36A891A6}.Debug|x86.Build.0 = Debug|Any CPU
		{EEC9ED35-4B60-4343-8DA7-C1AF36A891A6}.Release|Any CPU.ActiveCfg = Release|Any CPU
		{EEC9ED35-4B60-4343-8DA7-C1AF36A891A6}.Release|Any CPU.Build.0 = Release|Any CPU
		{EEC9ED35-4B60-4343-8DA7-C1AF36A891A6}.Release|x64.ActiveCfg = Release|Any CPU
		{EEC9ED35-4B60-4343-8DA7-C1AF36A891A6}.Release|x64.Build.0 = Release|Any CPU
		{EEC9ED35-4B60-4343-8DA7-C1AF36A891A6}.Release|x86.ActiveCfg = Release|Any CPU
		{EEC9ED35-4B60-4343-8DA7-C1AF36A891A6}.Release|x86.Build.0 = Release|Any CPU
		{B8E41DF1-567C-4DEE-9843-20E600F0DDF5}.Debug|Any CPU.ActiveCfg = Debug|Any CPU
		{B8E41DF1-567C-4DEE-9843-20E600F0DDF5}.Debug|Any CPU.Build.0 = Debug|Any CPU
		{B8E41DF1-567C-4DEE-9843-20E600F0DDF5}.Debug|x64.ActiveCfg = Debug|Any CPU
		{B8E41DF1-567C-4DEE-9843-20E600F0DDF5}.Debug|x64.Build.0 = Debug|Any CPU
		{B8E41DF1-567C-4DEE-9843-20E600F0DDF5}.Debug|x86.ActiveCfg = Debug|Any CPU
		{B8E41DF1-567C-4DEE-9843-20E600F0DDF5}.Debug|x86.Build.0 = Debug|Any CPU
		{B8E41DF1-567C-4DEE-9843-20E600F0DDF5}.Release|Any CPU.ActiveCfg = Release|Any CPU
		{B8E41DF1-567C-4DEE-9843-20E600F0DDF5}.Release|Any CPU.Build.0 = Release|Any CPU
		{B8E41DF1-567C-4DEE-9843-20E600F0DDF5}.Release|x64.ActiveCfg = Release|Any CPU
		{B8E41DF1-567C-4DEE-9843-20E600F0DDF5}.Release|x64.Build.0 = Release|Any CPU
		{B8E41DF1-567C-4DEE-9843-20E600F0DDF5}.Release|x86.ActiveCfg = Release|Any CPU
		{B8E41DF1-567C-4DEE-9843-20E600F0DDF5}.Release|x86.Build.0 = Release|Any CPU
		{E96E83D7-3CE7-4C3E-811E-07C22F59D22C}.Debug|Any CPU.ActiveCfg = Debug|Any CPU
		{E96E83D7-3CE7-4C3E-811E-07C22F59D22C}.Debug|Any CPU.Build.0 = Debug|Any CPU
		{E96E83D7-3CE7-4C3E-811E-07C22F59D22C}.Debug|x64.ActiveCfg = Debug|Any CPU
		{E96E83D7-3CE7-4C3E-811E-07C22F59D22C}.Debug|x64.Build.0 = Debug|Any CPU
		{E96E83D7-3CE7-4C3E-811E-07C22F59D22C}.Debug|x86.ActiveCfg = Debug|Any CPU
		{E96E83D7-3CE7-4C3E-811E-07C22F59D22C}.Debug|x86.Build.0 = Debug|Any CPU
		{E96E83D7-3CE7-4C3E-811E-07C22F59D22C}.Release|Any CPU.ActiveCfg = Release|Any CPU
		{E96E83D7-3CE7-4C3E-811E-07C22F59D22C}.Release|Any CPU.Build.0 = Release|Any CPU
		{E96E83D7-3CE7-4C3E-811E-07C22F59D22C}.Release|x64.ActiveCfg = Release|Any CPU
		{E96E83D7-3CE7-4C3E-811E-07C22F59D22C}.Release|x64.Build.0 = Release|Any CPU
		{E96E83D7-3CE7-4C3E-811E-07C22F59D22C}.Release|x86.ActiveCfg = Release|Any CPU
		{E96E83D7-3CE7-4C3E-811E-07C22F59D22C}.Release|x86.Build.0 = Release|Any CPU
		{3EA83793-5F6C-4B4A-BE82-BCE78C5BE8C3}.Debug|Any CPU.ActiveCfg = Debug|Any CPU
		{3EA83793-5F6C-4B4A-BE82-BCE78C5BE8C3}.Debug|Any CPU.Build.0 = Debug|Any CPU
		{3EA83793-5F6C-4B4A-BE82-BCE78C5BE8C3}.Debug|x64.ActiveCfg = Debug|Any CPU
		{3EA83793-5F6C-4B4A-BE82-BCE78C5BE8C3}.Debug|x64.Build.0 = Debug|Any CPU
		{3EA83793-5F6C-4B4A-BE82-BCE78C5BE8C3}.Debug|x86.ActiveCfg = Debug|Any CPU
		{3EA83793-5F6C-4B4A-BE82-BCE78C5BE8C3}.Debug|x86.Build.0 = Debug|Any CPU
		{3EA83793-5F6C-4B4A-BE82-BCE78C5BE8C3}.Release|Any CPU.ActiveCfg = Release|Any CPU
		{3EA83793-5F6C-4B4A-BE82-BCE78C5BE8C3}.Release|Any CPU.Build.0 = Release|Any CPU
		{3EA83793-5F6C-4B4A-BE82-BCE78C5BE8C3}.Release|x64.ActiveCfg = Release|Any CPU
		{3EA83793-5F6C-4B4A-BE82-BCE78C5BE8C3}.Release|x64.Build.0 = Release|Any CPU
		{3EA83793-5F6C-4B4A-BE82-BCE78C5BE8C3}.Release|x86.ActiveCfg = Release|Any CPU
		{3EA83793-5F6C-4B4A-BE82-BCE78C5BE8C3}.Release|x86.Build.0 = Release|Any CPU
		{8B97468F-C934-43B5-BA52-4F35859AF087}.Debug|Any CPU.ActiveCfg = Debug|Any CPU
		{8B97468F-C934-43B5-BA52-4F35859AF087}.Debug|Any CPU.Build.0 = Debug|Any CPU
		{8B97468F-C934-43B5-BA52-4F35859AF087}.Debug|x64.ActiveCfg = Debug|Any CPU
		{8B97468F-C934-43B5-BA52-4F35859AF087}.Debug|x64.Build.0 = Debug|Any CPU
		{8B97468F-C934-43B5-BA52-4F35859AF087}.Debug|x86.ActiveCfg = Debug|Any CPU
		{8B97468F-C934-43B5-BA52-4F35859AF087}.Debug|x86.Build.0 = Debug|Any CPU
		{8B97468F-C934-43B5-BA52-4F35859AF087}.Release|Any CPU.ActiveCfg = Release|Any CPU
		{8B97468F-C934-43B5-BA52-4F35859AF087}.Release|Any CPU.Build.0 = Release|Any CPU
		{8B97468F-C934-43B5-BA52-4F35859AF087}.Release|x64.ActiveCfg = Release|Any CPU
		{8B97468F-C934-43B5-BA52-4F35859AF087}.Release|x64.Build.0 = Release|Any CPU
		{8B97468F-C934-43B5-BA52-4F35859AF087}.Release|x86.ActiveCfg = Release|Any CPU
		{8B97468F-C934-43B5-BA52-4F35859AF087}.Release|x86.Build.0 = Release|Any CPU
		{34E83356-2604-44EC-A3F8-2BB5D83C2843}.Debug|Any CPU.ActiveCfg = Debug|Any CPU
		{34E83356-2604-44EC-A3F8-2BB5D83C2843}.Debug|Any CPU.Build.0 = Debug|Any CPU
		{34E83356-2604-44EC-A3F8-2BB5D83C2843}.Debug|x64.ActiveCfg = Debug|Any CPU
		{34E83356-2604-44EC-A3F8-2BB5D83C2843}.Debug|x64.Build.0 = Debug|Any CPU
		{34E83356-2604-44EC-A3F8-2BB5D83C2843}.Debug|x86.ActiveCfg = Debug|Any CPU
		{34E83356-2604-44EC-A3F8-2BB5D83C2843}.Debug|x86.Build.0 = Debug|Any CPU
		{34E83356-2604-44EC-A3F8-2BB5D83C2843}.Release|Any CPU.ActiveCfg = Release|Any CPU
		{34E83356-2604-44EC-A3F8-2BB5D83C2843}.Release|Any CPU.Build.0 = Release|Any CPU
		{34E83356-2604-44EC-A3F8-2BB5D83C2843}.Release|x64.ActiveCfg = Release|Any CPU
		{34E83356-2604-44EC-A3F8-2BB5D83C2843}.Release|x64.Build.0 = Release|Any CPU
		{34E83356-2604-44EC-A3F8-2BB5D83C2843}.Release|x86.ActiveCfg = Release|Any CPU
		{34E83356-2604-44EC-A3F8-2BB5D83C2843}.Release|x86.Build.0 = Release|Any CPU
		{98CB27BE-43E9-4264-BAB0-999CA071CC6E}.Debug|Any CPU.ActiveCfg = Debug|Any CPU
		{98CB27BE-43E9-4264-BAB0-999CA071CC6E}.Debug|Any CPU.Build.0 = Debug|Any CPU
		{98CB27BE-43E9-4264-BAB0-999CA071CC6E}.Debug|x64.ActiveCfg = Debug|Any CPU
		{98CB27BE-43E9-4264-BAB0-999CA071CC6E}.Debug|x64.Build.0 = Debug|Any CPU
		{98CB27BE-43E9-4264-BAB0-999CA071CC6E}.Debug|x86.ActiveCfg = Debug|Any CPU
		{98CB27BE-43E9-4264-BAB0-999CA071CC6E}.Debug|x86.Build.0 = Debug|Any CPU
		{98CB27BE-43E9-4264-BAB0-999CA071CC6E}.Release|Any CPU.ActiveCfg = Release|Any CPU
		{98CB27BE-43E9-4264-BAB0-999CA071CC6E}.Release|Any CPU.Build.0 = Release|Any CPU
		{98CB27BE-43E9-4264-BAB0-999CA071CC6E}.Release|x64.ActiveCfg = Release|Any CPU
		{98CB27BE-43E9-4264-BAB0-999CA071CC6E}.Release|x64.Build.0 = Release|Any CPU
		{98CB27BE-43E9-4264-BAB0-999CA071CC6E}.Release|x86.ActiveCfg = Release|Any CPU
		{98CB27BE-43E9-4264-BAB0-999CA071CC6E}.Release|x86.Build.0 = Release|Any CPU
		{1430F5D3-7AF8-43F6-B30B-47ADEFB19826}.Debug|Any CPU.ActiveCfg = Debug|Any CPU
		{1430F5D3-7AF8-43F6-B30B-47ADEFB19826}.Debug|Any CPU.Build.0 = Debug|Any CPU
		{1430F5D3-7AF8-43F6-B30B-47ADEFB19826}.Debug|x64.ActiveCfg = Debug|Any CPU
		{1430F5D3-7AF8-43F6-B30B-47ADEFB19826}.Debug|x64.Build.0 = Debug|Any CPU
		{1430F5D3-7AF8-43F6-B30B-47ADEFB19826}.Debug|x86.ActiveCfg = Debug|Any CPU
		{1430F5D3-7AF8-43F6-B30B-47ADEFB19826}.Debug|x86.Build.0 = Debug|Any CPU
		{1430F5D3-7AF8-43F6-B30B-47ADEFB19826}.Release|Any CPU.ActiveCfg = Release|Any CPU
		{1430F5D3-7AF8-43F6-B30B-47ADEFB19826}.Release|Any CPU.Build.0 = Release|Any CPU
		{1430F5D3-7AF8-43F6-B30B-47ADEFB19826}.Release|x64.ActiveCfg = Release|Any CPU
		{1430F5D3-7AF8-43F6-B30B-47ADEFB19826}.Release|x64.Build.0 = Release|Any CPU
		{1430F5D3-7AF8-43F6-B30B-47ADEFB19826}.Release|x86.ActiveCfg = Release|Any CPU
		{1430F5D3-7AF8-43F6-B30B-47ADEFB19826}.Release|x86.Build.0 = Release|Any CPU
		{61F38A0B-2940-4B0B-A329-4A911D8B0152}.Debug|Any CPU.ActiveCfg = Debug|Any CPU
		{61F38A0B-2940-4B0B-A329-4A911D8B0152}.Debug|Any CPU.Build.0 = Debug|Any CPU
		{61F38A0B-2940-4B0B-A329-4A911D8B0152}.Debug|x64.ActiveCfg = Debug|Any CPU
		{61F38A0B-2940-4B0B-A329-4A911D8B0152}.Debug|x64.Build.0 = Debug|Any CPU
		{61F38A0B-2940-4B0B-A329-4A911D8B0152}.Debug|x86.ActiveCfg = Debug|Any CPU
		{61F38A0B-2940-4B0B-A329-4A911D8B0152}.Debug|x86.Build.0 = Debug|Any CPU
		{61F38A0B-2940-4B0B-A329-4A911D8B0152}.Release|Any CPU.ActiveCfg = Release|Any CPU
		{61F38A0B-2940-4B0B-A329-4A911D8B0152}.Release|Any CPU.Build.0 = Release|Any CPU
		{61F38A0B-2940-4B0B-A329-4A911D8B0152}.Release|x64.ActiveCfg = Release|Any CPU
		{61F38A0B-2940-4B0B-A329-4A911D8B0152}.Release|x64.Build.0 = Release|Any CPU
		{61F38A0B-2940-4B0B-A329-4A911D8B0152}.Release|x86.ActiveCfg = Release|Any CPU
		{61F38A0B-2940-4B0B-A329-4A911D8B0152}.Release|x86.Build.0 = Release|Any CPU
		{8FD23285-57AA-41B9-9C67-E80E4DD81AE8}.Debug|Any CPU.ActiveCfg = Debug|Any CPU
		{8FD23285-57AA-41B9-9C67-E80E4DD81AE8}.Debug|Any CPU.Build.0 = Debug|Any CPU
		{8FD23285-57AA-41B9-9C67-E80E4DD81AE8}.Debug|x64.ActiveCfg = Debug|Any CPU
		{8FD23285-57AA-41B9-9C67-E80E4DD81AE8}.Debug|x64.Build.0 = Debug|Any CPU
		{8FD23285-57AA-41B9-9C67-E80E4DD81AE8}.Debug|x86.ActiveCfg = Debug|Any CPU
		{8FD23285-57AA-41B9-9C67-E80E4DD81AE8}.Debug|x86.Build.0 = Debug|Any CPU
		{8FD23285-57AA-41B9-9C67-E80E4DD81AE8}.Release|Any CPU.ActiveCfg = Release|Any CPU
		{8FD23285-57AA-41B9-9C67-E80E4DD81AE8}.Release|Any CPU.Build.0 = Release|Any CPU
		{8FD23285-57AA-41B9-9C67-E80E4DD81AE8}.Release|x64.ActiveCfg = Release|Any CPU
		{8FD23285-57AA-41B9-9C67-E80E4DD81AE8}.Release|x64.Build.0 = Release|Any CPU
		{8FD23285-57AA-41B9-9C67-E80E4DD81AE8}.Release|x86.ActiveCfg = Release|Any CPU
		{8FD23285-57AA-41B9-9C67-E80E4DD81AE8}.Release|x86.Build.0 = Release|Any CPU
		{7FB5D311-1A3C-4870-9DB9-8FB9C233D528}.Debug|Any CPU.ActiveCfg = Debug|Any CPU
		{7FB5D311-1A3C-4870-9DB9-8FB9C233D528}.Debug|Any CPU.Build.0 = Debug|Any CPU
		{7FB5D311-1A3C-4870-9DB9-8FB9C233D528}.Debug|x64.ActiveCfg = Debug|Any CPU
		{7FB5D311-1A3C-4870-9DB9-8FB9C233D528}.Debug|x64.Build.0 = Debug|Any CPU
		{7FB5D311-1A3C-4870-9DB9-8FB9C233D528}.Debug|x86.ActiveCfg = Debug|Any CPU
		{7FB5D311-1A3C-4870-9DB9-8FB9C233D528}.Debug|x86.Build.0 = Debug|Any CPU
		{7FB5D311-1A3C-4870-9DB9-8FB9C233D528}.Release|Any CPU.ActiveCfg = Release|Any CPU
		{7FB5D311-1A3C-4870-9DB9-8FB9C233D528}.Release|Any CPU.Build.0 = Release|Any CPU
		{7FB5D311-1A3C-4870-9DB9-8FB9C233D528}.Release|x64.ActiveCfg = Release|Any CPU
		{7FB5D311-1A3C-4870-9DB9-8FB9C233D528}.Release|x64.Build.0 = Release|Any CPU
		{7FB5D311-1A3C-4870-9DB9-8FB9C233D528}.Release|x86.ActiveCfg = Release|Any CPU
		{7FB5D311-1A3C-4870-9DB9-8FB9C233D528}.Release|x86.Build.0 = Release|Any CPU
		{8650BF6F-A14E-4D28-A234-B83645247983}.Debug|Any CPU.ActiveCfg = Debug|Any CPU
		{8650BF6F-A14E-4D28-A234-B83645247983}.Debug|Any CPU.Build.0 = Debug|Any CPU
		{8650BF6F-A14E-4D28-A234-B83645247983}.Debug|x64.ActiveCfg = Debug|Any CPU
		{8650BF6F-A14E-4D28-A234-B83645247983}.Debug|x64.Build.0 = Debug|Any CPU
		{8650BF6F-A14E-4D28-A234-B83645247983}.Debug|x86.ActiveCfg = Debug|Any CPU
		{8650BF6F-A14E-4D28-A234-B83645247983}.Debug|x86.Build.0 = Debug|Any CPU
		{8650BF6F-A14E-4D28-A234-B83645247983}.Release|Any CPU.ActiveCfg = Release|Any CPU
		{8650BF6F-A14E-4D28-A234-B83645247983}.Release|Any CPU.Build.0 = Release|Any CPU
		{8650BF6F-A14E-4D28-A234-B83645247983}.Release|x64.ActiveCfg = Release|Any CPU
		{8650BF6F-A14E-4D28-A234-B83645247983}.Release|x64.Build.0 = Release|Any CPU
		{8650BF6F-A14E-4D28-A234-B83645247983}.Release|x86.ActiveCfg = Release|Any CPU
		{8650BF6F-A14E-4D28-A234-B83645247983}.Release|x86.Build.0 = Release|Any CPU
	EndGlobalSection
	GlobalSection(SolutionProperties) = preSolution
		HideSolutionNode = FALSE
	EndGlobalSection
	GlobalSection(NestedProjects) = preSolution
		{CC247A6B-14D1-4E11-903E-69D4374862B4} = {6BF42186-581D-4E3B-A769-97E8928DC71B}
		{2748C1E2-CDAA-4B45-BEB5-549848AD1FBE} = {A382F8C5-B26C-4D98-A49D-74CB33064B72}
		{D5E7A3DC-E476-4D70-80A6-EE752EAF2ED6} = {A382F8C5-B26C-4D98-A49D-74CB33064B72}
		{C36167EA-FF0B-4F31-A6B3-3347AB21F514} = {BC8BD6C5-DA65-49AA-86D1-E3C8116070A5}
		{EEC9ED35-4B60-4343-8DA7-C1AF36A891A6} = {6BF42186-581D-4E3B-A769-97E8928DC71B}
		{B8E41DF1-567C-4DEE-9843-20E600F0DDF5} = {6BF42186-581D-4E3B-A769-97E8928DC71B}
		{E96E83D7-3CE7-4C3E-811E-07C22F59D22C} = {A382F8C5-B26C-4D98-A49D-74CB33064B72}
		{3EA83793-5F6C-4B4A-BE82-BCE78C5BE8C3} = {6BF42186-581D-4E3B-A769-97E8928DC71B}
		{8B97468F-C934-43B5-BA52-4F35859AF087} = {A382F8C5-B26C-4D98-A49D-74CB33064B72}
		{34E83356-2604-44EC-A3F8-2BB5D83C2843} = {BC8BD6C5-DA65-49AA-86D1-E3C8116070A5}
		{98CB27BE-43E9-4264-BAB0-999CA071CC6E} = {BC8BD6C5-DA65-49AA-86D1-E3C8116070A5}
		{1430F5D3-7AF8-43F6-B30B-47ADEFB19826} = {BC8BD6C5-DA65-49AA-86D1-E3C8116070A5}
		{61F38A0B-2940-4B0B-A329-4A911D8B0152} = {6BF42186-581D-4E3B-A769-97E8928DC71B}
		{8FD23285-57AA-41B9-9C67-E80E4DD81AE8} = {A382F8C5-B26C-4D98-A49D-74CB33064B72}
		{7FB5D311-1A3C-4870-9DB9-8FB9C233D528} = {BC8BD6C5-DA65-49AA-86D1-E3C8116070A5}
		{8650BF6F-A14E-4D28-A234-B83645247983} = {BC8BD6C5-DA65-49AA-86D1-E3C8116070A5}
	EndGlobalSection
	GlobalSection(ExtensibilityGlobals) = postSolution
		SolutionGuid = {8C8DAB00-2846-4606-98DB-9B04B5584459}
	EndGlobalSection
EndGlobal
