{
  "version": 2,
  "dependencies": {
    "net10.0": {
      "Microsoft.Extensions.DependencyModel": {
        "type": "Direct",
        "requested": "[10.0.5, )",
        "resolved": "10.0.5",
        "contentHash": "xA4kkL+QS6KCAOKz/O0oquHs44Ob8J7zpBCNt3wjkBWDg5aCqfwG8rWWLsg5V86AM0sB849g9JjPjIdksTCIKg=="
      },
      "Testably.Abstractions": {
        "type": "Direct",
        "requested": "[10.0.0, )",
        "resolved": "10.0.0",
        "contentHash": "TITBSFn9H5iRntBB+VGfJ1SRq8T3mq3JiqSV340S9InQc+PahLWGmJk1q52AJOrsUzQwyczGr1F0e3NmS3k3ww==",
        "dependencies": {
          "Testably.Abstractions.Interface": "10.0.0-pre.1"
        }
      },
      "Testably.Abstractions.FileSystem.Interface": {
        "type": "Transitive",
        "resolved": "10.0.0-pre.1",
        "contentHash": "2NN3Slz8S/RcTFVOQ441FVE98MKJvf+caECzBw3TnK0pGbYdt0qPDcjckMKuZyl6FWk11SLdNqTlvu4hgGdnKA=="
      },
      "Testably.Abstractions.Interface": {
        "type": "Transitive",
        "resolved": "10.0.0-pre.1",
        "contentHash": "lRxYVeYayVjfVZukwkSTwe6U7Y8oFKEzeIYY4qn8zVjsaeh3D6zl73G+WoN9cM8mFS8nLKyXC+rFQh4L8Djwkw==",
        "dependencies": {
          "Testably.Abstractions.FileSystem.Interface": "10.0.0-pre.1"
        }
      }
    },
    "net10.0/linux-arm64": {},
    "net10.0/linux-x64": {},
    "net10.0/win-x64": {}
  }
}