{
  "version": 2,
  "dependencies": {
    "net10.0": {
      "Microsoft.Extensions.DependencyModel": {
        "type": "Direct",
        "requested": "[10.0.7, )",
        "resolved": "10.0.7",
        "contentHash": "gCglFg/9Chu3lyJNytRuQAYM3mXQKNs1i01Cz2bc545QaHQ+LbBb4O5UCfu968Gro3ZVSOZ/ktilmPcaUSGSZA=="
      },
      "Testably.Abstractions": {
        "type": "Direct",
        "requested": "[10.1.0, )",
        "resolved": "10.1.0",
        "contentHash": "8hjpc/vjNNJpHYrcuZTfKkcojS+pwyQtviTFdVBedqGOMlCrG+X2CjY2lW+ZavDYlw3TCi7zrMVqW674PkAqVQ==",
        "dependencies": {
          "Testably.Abstractions.Interface": "10.1.0"
        }
      },
      "Testably.Abstractions.FileSystem.Interface": {
        "type": "Transitive",
        "resolved": "10.1.0",
        "contentHash": "0R+m7DvS2QuDcFOfDGtyGErRrgXOl4/z2tbNLX2RfvlYJjlVcKG+wMIBfZO8vxGtTNwNxffTG4ibFRwd0jkM7w=="
      },
      "Testably.Abstractions.Interface": {
        "type": "Transitive",
        "resolved": "10.1.0",
        "contentHash": "syfu5XadpGDjhDWTh1vh/6HUFgamCaU1KhRwsHk6HyMeJLz5Jncm99H87NiEO73JihQ7yE3APlEbAXjlMyKBSg==",
        "dependencies": {
          "Testably.Abstractions.FileSystem.Interface": "10.1.0"
        }
      }
    },
    "net10.0/linux-arm64": {},
    "net10.0/linux-x64": {},
    "net10.0/win-x64": {}
  }
}