{
  "version": 2,
  "dependencies": {
    "net10.0": {
      "Microsoft.Extensions.Logging.Abstractions": {
        "type": "Direct",
        "requested": "[10.0.5, )",
        "resolved": "10.0.5",
        "contentHash": "9HOdqlDtPptVcmKAjsQ/Nr5Rxfq6FMYLdhvZh1lVmeKR738qeYecQD7+ldooXf+u2KzzR1kafSphWngIM3C6ug==",
        "dependencies": {
          "Microsoft.Extensions.DependencyInjection.Abstractions": "10.0.5"
        }
      },
      "NuGet.Commands": {
        "type": "Direct",
        "requested": "[7.0.1, )",
        "resolved": "7.0.1",
        "contentHash": "m0MsLS6VdvSESuRwq/5PYUVwCqhhhCoAxo0cUCSzixh86lKezWC6Rjf4b+7cjXynhaxUZWqTwXmXkHey+W+4Jw==",
        "dependencies": {
          "Microsoft.Extensions.FileProviders.Abstractions": "6.0.0",
          "Microsoft.Extensions.FileSystemGlobbing": "6.0.0",
          "NuGet.Credentials": "7.0.1",
          "NuGet.ProjectModel": "7.0.1"
        }
      },
      "Testably.Abstractions": {
        "type": "Direct",
        "requested": "[10.0.0, )",
        "resolved": "10.0.0",
        "contentHash": "TITBSFn9H5iRntBB+VGfJ1SRq8T3mq3JiqSV340S9InQc+PahLWGmJk1q52AJOrsUzQwyczGr1F0e3NmS3k3ww==",
        "dependencies": {
          "Testably.Abstractions.Interface": "10.0.0-pre.1"
        }
      },
      "Microsoft.Extensions.DependencyInjection.Abstractions": {
        "type": "Transitive",
        "resolved": "10.0.5",
        "contentHash": "iVMtq9eRvzyhx8949EGT0OCYJfXi737SbRVzWXE5GrOgGj5AaZ9eUuxA/BSUfmOMALKn/g8KfFaNQw0eiB3lyA=="
      },
      "Microsoft.Extensions.FileProviders.Abstractions": {
        "type": "Transitive",
        "resolved": "6.0.0",
        "contentHash": "0pd4/fho0gC12rQswaGQxbU34jOS1TPS8lZPpkFCH68ppQjHNHYle9iRuHeev1LhrJ94YPvzcRd8UmIuFk23Qw==",
        "dependencies": {
          "Microsoft.Extensions.Primitives": "6.0.0"
        }
      },
      "Microsoft.Extensions.FileSystemGlobbing": {
        "type": "Transitive",
        "resolved": "6.0.0",
        "contentHash": "ip8jnL1aPiaPeKINCqaTEbvBFDmVx9dXQEBZ2HOBRXPD1eabGNqP/bKlsIcp7U2lGxiXd5xIhoFcmY8nM4Hdiw=="
      },
      "Microsoft.Extensions.Primitives": {
        "type": "Transitive",
        "resolved": "6.0.0",
        "contentHash": "9+PnzmQFfEFNR9J2aDTfJGGupShHjOuGw4VUv+JB044biSHrnmCIMD+mJHmb2H7YryrfBEXDurxQ47gJZdCKNQ=="
      },
      "Newtonsoft.Json": {
        "type": "Transitive",
        "resolved": "13.0.3",
        "contentHash": "HrC5BXdl00IP9zeV+0Z848QWPAoCr9P3bDEZguI+gkLcBKAOxix/tLEAAHC+UvDNPv4a2d18lOReHMOagPa+zQ=="
      },
      "NuGet.Common": {
        "type": "Transitive",
        "resolved": "7.0.1",
        "contentHash": "AegMASeOhhm2flGk53b/YtINs2H+zKMnV5fTs3rRo08JMQ3gqrbJUSjiEMOKt5d541IhVA+pHDWVsDCZ+5g7Fg==",
        "dependencies": {
          "NuGet.Frameworks": "7.0.1"
        }
      },
      "NuGet.Configuration": {
        "type": "Transitive",
        "resolved": "7.0.1",
        "contentHash": "En8aIvZywOmgi+Q2Tv7VUELSYc3OCTwmzItr2N3j5pVIBQE92HbOa1b4+fJJbl9X/rAOkNon3fxjwYeqrdMRrw==",
        "dependencies": {
          "NuGet.Common": "7.0.1",
          "System.Security.Cryptography.ProtectedData": "9.0.6"
        }
      },
      "NuGet.Credentials": {
        "type": "Transitive",
        "resolved": "7.0.1",
        "contentHash": "fzs/0653tgX2ueiG3gqCof5fFE1OAl7zIJjf81kBcMN+l9yHV0ZN2EggUgZjbYOkLE+5mn47OviESwzdSTU/ww==",
        "dependencies": {
          "NuGet.Protocol": "7.0.1"
        }
      },
      "NuGet.DependencyResolver.Core": {
        "type": "Transitive",
        "resolved": "7.0.1",
        "contentHash": "DnkfIlL5qa/bQXFoATE0wSpEAVxpkVDax+jxLlIwO8P098hVGfXClTbg0O5ujbRG2YkqSk4ZVltAs6Uvvi3HAw==",
        "dependencies": {
          "NuGet.Configuration": "7.0.1",
          "NuGet.LibraryModel": "7.0.1",
          "NuGet.Protocol": "7.0.1"
        }
      },
      "NuGet.Frameworks": {
        "type": "Transitive",
        "resolved": "7.0.1",
        "contentHash": "dUDwg8VYTyT+ZbLdC7hUUHFF530HeRl4jcxclKJY0o96f3nv0eZvojXwjRkq2HKzuyRCcVD4T24aEF83CUmBzA=="
      },
      "NuGet.LibraryModel": {
        "type": "Transitive",
        "resolved": "7.0.1",
        "contentHash": "/JyiZ2ueI1AiYp6UNJmiyM6DgbSO3FUcxyPdyUsczJa/I7swpKSP8QizvDlRR/thp2CiyyEMvbbbANhCbOWzLQ==",
        "dependencies": {
          "NuGet.Common": "7.0.1",
          "NuGet.Versioning": "7.0.1"
        }
      },
      "NuGet.Packaging": {
        "type": "Transitive",
        "resolved": "7.0.1",
        "contentHash": "hpC6Fx5VlMa42cSZDQ10TKDFHLoMpa8NbDwYSnCiGd4IPiG9+5ywWuxHjVbYYA7/PmJry5hs1GyJjvHV8bQmLw==",
        "dependencies": {
          "Newtonsoft.Json": "13.0.3",
          "NuGet.Configuration": "7.0.1",
          "NuGet.Versioning": "7.0.1",
          "System.Security.Cryptography.Pkcs": "9.0.6"
        }
      },
      "NuGet.ProjectModel": {
        "type": "Transitive",
        "resolved": "7.0.1",
        "contentHash": "yvVxNBqWo6ctfdI6G/ZgPj7X6fZWOsSPS9D2MDRPcnaokaCRVESpGK1cgXIEkaOfo5leRVc3vhPEzOMXckwV9A==",
        "dependencies": {
          "NuGet.DependencyResolver.Core": "7.0.1"
        }
      },
      "NuGet.Protocol": {
        "type": "Transitive",
        "resolved": "7.0.1",
        "contentHash": "bYPzTqgOSsXV8AxXXFCCPtAtlxwph0DVtdM8AlaKTGLClHDx7VAlL4cCIcVl2iEzQuG1uC79SvzllvKi1grcNw==",
        "dependencies": {
          "NuGet.Packaging": "7.0.1"
        }
      },
      "NuGet.Versioning": {
        "type": "Transitive",
        "resolved": "7.0.1",
        "contentHash": "tu68LnZqiLM/VyLQzPRqedopMi/M+5/6JqwB2Xkd0AWXRpUWewkVv77asVB7wgjMPVzQFK2sBy7AuxV49UzuvQ=="
      },
      "System.Security.Cryptography.Pkcs": {
        "type": "Transitive",
        "resolved": "9.0.6",
        "contentHash": "Gny8p2mX0jc5rjh+PA4Gx5GG66sj2C+e+ro7+j/3IsKT/bmQ84tGRV+XKaG+5/CTCdwkSSKDWEQ1rJd0J5jE0Q=="
      },
      "System.Security.Cryptography.ProtectedData": {
        "type": "Transitive",
        "resolved": "9.0.6",
        "contentHash": "yErfw/3pZkJE/VKza/Cm5idTpIKOy/vsmVi59Ta5SruPVtubzxb8CtnE8tyUpzs5pr0Y28GUFfSVzAhCLN3F/Q=="
      },
      "Testably.Abstractions.FileSystem.Interface": {
        "type": "Transitive",
        "resolved": "10.0.0-pre.1",
        "contentHash": "2NN3Slz8S/RcTFVOQ441FVE98MKJvf+caECzBw3TnK0pGbYdt0qPDcjckMKuZyl6FWk11SLdNqTlvu4hgGdnKA=="
      },
      "Testably.Abstractions.Interface": {
        "type": "Transitive",
        "resolved": "10.0.0-pre.1",
        "contentHash": "lRxYVeYayVjfVZukwkSTwe6U7Y8oFKEzeIYY4qn8zVjsaeh3D6zl73G+WoN9cM8mFS8nLKyXC+rFQh4L8Djwkw==",
        "dependencies": {
          "Testably.Abstractions.FileSystem.Interface": "10.0.0-pre.1"
        }
      },
      "ViciOne.ManagedEngine.PackageResolvers": {
        "type": "Project",
        "dependencies": {
          "Microsoft.Extensions.DependencyModel": "[10.0.5, )",
          "Testably.Abstractions": "[10.0.0, )"
        }
      },
      "Microsoft.Extensions.DependencyModel": {
        "type": "CentralTransitive",
        "requested": "[10.0.5, )",
        "resolved": "10.0.5",
        "contentHash": "xA4kkL+QS6KCAOKz/O0oquHs44Ob8J7zpBCNt3wjkBWDg5aCqfwG8rWWLsg5V86AM0sB849g9JjPjIdksTCIKg=="
      }
    },
    "net10.0/linux-arm64": {
      "System.Security.Cryptography.Pkcs": {
        "type": "Transitive",
        "resolved": "9.0.6",
        "contentHash": "Gny8p2mX0jc5rjh+PA4Gx5GG66sj2C+e+ro7+j/3IsKT/bmQ84tGRV+XKaG+5/CTCdwkSSKDWEQ1rJd0J5jE0Q=="
      }
    },
    "net10.0/linux-x64": {
      "System.Security.Cryptography.Pkcs": {
        "type": "Transitive",
        "resolved": "9.0.6",
        "contentHash": "Gny8p2mX0jc5rjh+PA4Gx5GG66sj2C+e+ro7+j/3IsKT/bmQ84tGRV+XKaG+5/CTCdwkSSKDWEQ1rJd0J5jE0Q=="
      }
    },
    "net10.0/win-x64": {
      "System.Security.Cryptography.Pkcs": {
        "type": "Transitive",
        "resolved": "9.0.6",
        "contentHash": "Gny8p2mX0jc5rjh+PA4Gx5GG66sj2C+e+ro7+j/3IsKT/bmQ84tGRV+XKaG+5/CTCdwkSSKDWEQ1rJd0J5jE0Q=="
      }
    }
  }
}